
Microsoft Visual Studio Solution File, Format Version 12.00
# Visual Studio 15
VisualStudioVersion = 15.0.27130.2027
MinimumVisualStudioVersion = 10.0.40219.1
Project("{FAE04EC0-301F-11D3-BF4B-00C04F79EFBC}") = "MyBlogProject", "MyBlogProject\MyBlogProject.csproj", "{BA795F7B-4B63-4E5F-844D-2C98C1E44203}"
EndProject
Global
	GlobalSection(SolutionConfigurationPlatforms) = preSolution
		Debug|Any CPU = Debug|Any CPU
		Release|Any CPU = Release|Any CPU
	EndGlobalSection
	GlobalSection(ProjectConfigurationPlatforms) = postSolution
		{BA795F7B-4B63-4E5F-844D-2C98C1E44203}.Debug|Any CPU.ActiveCfg = Debug|Any CPU
		{BA795F7B-4B63-4E5F-844D-2C98C1E44203}.Debug|Any CPU.Build.0 = Debug|Any CPU
		{BA795F7B-4B63-4E5F-844D-2C98C1E44203}.Release|Any CPU.ActiveCfg = Release|Any CPU
		{BA795F7B-4B63-4E5F-844D-2C98C1E44203}.Release|Any CPU.Build.0 = Release|Any CPU
	EndGlobalSection
	GlobalSection(SolutionProperties) = preSolution
		HideSolutionNode = FALSE
	EndGlobalSection
	GlobalSection(ExtensibilityGlobals) = postSolution
		SolutionGuid = {9279F452-91AE-47DD-8EF8-631B2F330E8A}
	EndGlobalSection
EndGlobal
